Microsoft Visual Studio Solution File, Format Version 12.00
# Visual Studio Version 17
VisualStudioVersion = 17.5.2.0
MinimumVisualStudioVersion = 10.0.40219.1
Project("{FAE04EC0-301F-11D3-BF4B-00C04F79EFBC}") = "now", "now.csproj", "{FBF60853-7D4B-9A76-B541-911CBC58B0F4}"
EndProject
Global
	GlobalSection(SolutionConfigurationPlatforms) = preSolution
		Debug|Any CPU = Debug|Any CPU
		Release|Any CPU = Release|Any CPU
	EndGlobalSection
	GlobalSection(ProjectConfigurationPlatforms) = postSolution
		{FBF60853-7D4B-9A76-B541-911CBC58B0F4}.Debug|Any CPU.ActiveCfg = Debug|Any CPU
		{FBF60853-7D4B-9A76-B541-911CBC58B0F4}.Debug|Any CPU.Build.0 = Debug|Any CPU
		{FBF60853-7D4B-9A76-B541-911CBC58B0F4}.Release|Any CPU.ActiveCfg = Release|Any CPU
		{FBF60853-7D4B-9A76-B541-911CBC58B0F4}.Release|Any CPU.Build.0 = Release|Any CPU
	EndGlobalSection
	GlobalSection(SolutionProperties) = preSolution
		HideSolutionNode = FALSE
	EndGlobalSection
	GlobalSection(ExtensibilityGlobals) = postSolution
		SolutionGuid = {AC6356EF-2A6C-4A43-BDB4-D6967D6839F0}
	EndGlobalSection
EndGlobal
